// !$*UTF8*$!
{
	archiveVersion = 1;
	classes = {
	};
	objectVersion = 56;
	objects = {

/* Begin PBXBuildFile section */
		C00000000000000000000001 /* TakeFlowApp.swift in Sources */ = {isa = PBXBuildFile; fileRef = B00000000000000000000001 /* TakeFlowApp.swift */; };
		C00000000000000000000002 /* HomeView.swift in Sources */ = {isa = PBXBuildFile; fileRef = B00000000000000000000002 /* HomeView.swift */; };
		C00000000000000000000003 /* Script.swift in Sources */ = {isa = PBXBuildFile; fileRef = B00000000000000000000003 /* Script.swift */; };
		C00000000000000000000004 /* RecordingProject.swift in Sources */ = {isa = PBXBuildFile; fileRef = B00000000000000000000004 /* RecordingProject.swift */; };
		C00000000000000000000005 /* RecordingSegment.swift in Sources */ = {isa = PBXBuildFile; fileRef = B00000000000000000000005 /* RecordingSegment.swift */; };
		C00000000000000000000006 /* UserPreferences.swift in Sources */ = {isa = PBXBuildFile; fileRef = B00000000000000000000006 /* UserPreferences.swift */; };
		C00000000000000000000007 /* ScriptRepository.swift in Sources */ = {isa = PBXBuildFile; fileRef = B00000000000000000000007 /* ScriptRepository.swift */; };
		C00000000000000000000008 /* ProjectFileManaging.swift in Sources */ = {isa = PBXBuildFile; fileRef = B00000000000000000000008 /* ProjectFileManaging.swift */; };
		C00000000000000000000009 /* PermissionAuthorizing.swift in Sources */ = {isa = PBXBuildFile; fileRef = B00000000000000000000009 /* PermissionAuthorizing.swift */; };
		C0000000000000000000000A /* AppLogger.swift in Sources */ = {isa = PBXBuildFile; fileRef = B0000000000000000000000A /* AppLogger.swift */; };
		C0000000000000000000000B /* AppError.swift in Sources */ = {isa = PBXBuildFile; fileRef = B0000000000000000000000B /* AppError.swift */; };
		C0000000000000000000000C /* ServiceLifecycle.swift in Sources */ = {isa = PBXBuildFile; fileRef = B0000000000000000000000C /* ServiceLifecycle.swift */; };
		C0000000000000000000000D /* DomainModelTests.swift in Sources */ = {isa = PBXBuildFile; fileRef = B0000000000000000000000D /* DomainModelTests.swift */; };
		C0000000000000000000000E /* PersistenceContractTests.swift in Sources */ = {isa = PBXBuildFile; fileRef = B0000000000000000000000E /* PersistenceContractTests.swift */; };
		C0000000000000000000000F /* TakeFlowUITests.swift in Sources */ = {isa = PBXBuildFile; fileRef = B0000000000000000000000F /* TakeFlowUITests.swift */; };
		C00000000000000000000030 /* ScriptSchema.swift in Sources */ = {isa = PBXBuildFile; fileRef = B00000000000000000000030 /* ScriptSchema.swift */; };
		C00000000000000000000031 /* ScriptModelContainer.swift in Sources */ = {isa = PBXBuildFile; fileRef = B00000000000000000000031 /* ScriptModelContainer.swift */; };
		C00000000000000000000032 /* SwiftDataScriptRepository.swift in Sources */ = {isa = PBXBuildFile; fileRef = B00000000000000000000032 /* SwiftDataScriptRepository.swift */; };
		C00000000000000000000033 /* ScriptMetrics.swift in Sources */ = {isa = PBXBuildFile; fileRef = B00000000000000000000033 /* ScriptMetrics.swift */; };
		C00000000000000000000034 /* ScriptLibraryService.swift in Sources */ = {isa = PBXBuildFile; fileRef = B00000000000000000000034 /* ScriptLibraryService.swift */; };
		C00000000000000000000035 /* ScriptEditorStrings.swift in Sources */ = {isa = PBXBuildFile; fileRef = B00000000000000000000035 /* ScriptEditorStrings.swift */; };
		C00000000000000000000036 /* ScriptEditorViewModel.swift in Sources */ = {isa = PBXBuildFile; fileRef = B00000000000000000000036 /* ScriptEditorViewModel.swift */; };
		C00000000000000000000037 /* ScriptLibraryViewModel.swift in Sources */ = {isa = PBXBuildFile; fileRef = B00000000000000000000037 /* ScriptLibraryViewModel.swift */; };
		C00000000000000000000038 /* ScriptLibraryView.swift in Sources */ = {isa = PBXBuildFile; fileRef = B00000000000000000000038 /* ScriptLibraryView.swift */; };
		C00000000000000000000039 /* ScriptEditorView.swift in Sources */ = {isa = PBXBuildFile; fileRef = B00000000000000000000039 /* ScriptEditorView.swift */; };
		C00000000000000000000040 /* TestScriptRepository.swift in Sources */ = {isa = PBXBuildFile; fileRef = B00000000000000000000040 /* TestScriptRepository.swift */; };
		C00000000000000000000041 /* SwiftDataScriptRepositoryTests.swift in Sources */ = {isa = PBXBuildFile; fileRef = B00000000000000000000041 /* SwiftDataScriptRepositoryTests.swift */; };
		C00000000000000000000042 /* ScriptLibraryServiceTests.swift in Sources */ = {isa = PBXBuildFile; fileRef = B00000000000000000000042 /* ScriptLibraryServiceTests.swift */; };
		C00000000000000000000043 /* ScriptEditorViewModelTests.swift in Sources */ = {isa = PBXBuildFile; fileRef = B00000000000000000000043 /* ScriptEditorViewModelTests.swift */; };
		C00000000000000000000044 /* ScriptPerformanceTests.swift in Sources */ = {isa = PBXBuildFile; fileRef = B00000000000000000000044 /* ScriptPerformanceTests.swift */; };
		C00000000000000000000045 /* ScriptRecoveryDraft.swift in Sources */ = {isa = PBXBuildFile; fileRef = B00000000000000000000045 /* ScriptRecoveryDraft.swift */; };
		C00000000000000000000046 /* ScriptRecoveryDraftStore.swift in Sources */ = {isa = PBXBuildFile; fileRef = B00000000000000000000046 /* ScriptRecoveryDraftStore.swift */; };
		C00000000000000000000047 /* FileScriptRecoveryDraftStore.swift in Sources */ = {isa = PBXBuildFile; fileRef = B00000000000000000000047 /* FileScriptRecoveryDraftStore.swift */; };
		C00000000000000000000048 /* TestScriptRecoveryDraftStore.swift in Sources */ = {isa = PBXBuildFile; fileRef = B00000000000000000000048 /* TestScriptRecoveryDraftStore.swift */; };
		C00000000000000000000049 /* ScriptRecoveryDraftTests.swift in Sources */ = {isa = PBXBuildFile; fileRef = B00000000000000000000049 /* ScriptRecoveryDraftTests.swift */; };
		C00000000000000000000050 /* TeleprompterPreferences.swift in Sources */ = {isa = PBXBuildFile; fileRef = B00000000000000000000050 /* TeleprompterPreferences.swift */; };
		C00000000000000000000051 /* TeleprompterScriptProviding.swift in Sources */ = {isa = PBXBuildFile; fileRef = B00000000000000000000051 /* TeleprompterScriptProviding.swift */; };
		C00000000000000000000052 /* TeleprompterModels.swift in Sources */ = {isa = PBXBuildFile; fileRef = B00000000000000000000052 /* TeleprompterModels.swift */; };
		C00000000000000000000053 /* TeleprompterPlaybackMachine.swift in Sources */ = {isa = PBXBuildFile; fileRef = B00000000000000000000053 /* TeleprompterPlaybackMachine.swift */; };
		C00000000000000000000054 /* TeleprompterStrings.swift in Sources */ = {isa = PBXBuildFile; fileRef = B00000000000000000000054 /* TeleprompterStrings.swift */; };
		C00000000000000000000055 /* TeleprompterViewModel.swift in Sources */ = {isa = PBXBuildFile; fileRef = B00000000000000000000055 /* TeleprompterViewModel.swift */; };
		C00000000000000000000056 /* TeleprompterTextView.swift in Sources */ = {isa = PBXBuildFile; fileRef = B00000000000000000000056 /* TeleprompterTextView.swift */; };
		C00000000000000000000057 /* TeleprompterView.swift in Sources */ = {isa = PBXBuildFile; fileRef = B00000000000000000000057 /* TeleprompterView.swift */; };
		C00000000000000000000058 /* TeleprompterPlaybackMachineTests.swift in Sources */ = {isa = PBXBuildFile; fileRef = B00000000000000000000058 /* TeleprompterPlaybackMachineTests.swift */; };
		C00000000000000000000059 /* TeleprompterPersistenceTests.swift in Sources */ = {isa = PBXBuildFile; fileRef = B00000000000000000000059 /* TeleprompterPersistenceTests.swift */; };
		C00000000000000000000060 /* TeleprompterViewModelTests.swift in Sources */ = {isa = PBXBuildFile; fileRef = B00000000000000000000060 /* TeleprompterViewModelTests.swift */; };
		C00000000000000000000061 /* ScriptReadingAnchor.swift in Sources */ = {isa = PBXBuildFile; fileRef = B00000000000000000000061 /* ScriptReadingAnchor.swift */; };
		C00000000000000000000062 /* TeleprompterTextLayoutPerformanceTests.swift in Sources */ = {isa = PBXBuildFile; fileRef = B00000000000000000000062 /* TeleprompterTextLayoutPerformanceTests.swift */; };
		C00000000000000000000063 /* TeleprompterDocument.swift in Sources */ = {isa = PBXBuildFile; fileRef = B00000000000000000000063 /* TeleprompterDocument.swift */; };
		C00000000000000000000064 /* TeleprompterDocumentTests.swift in Sources */ = {isa = PBXBuildFile; fileRef = B00000000000000000000064 /* TeleprompterDocumentTests.swift */; };
/* End PBXBuildFile section */

/* Begin PBXContainerItemProxy section */
		G00000000000000000000001 /* PBXContainerItemProxy */ = {
			isa = PBXContainerItemProxy;
			containerPortal = F00000000000000000000001 /* Project object */;
			proxyType = 1;
			remoteGlobalIDString = E00000000000000000000001;
			remoteInfo = TakeFlow;
		};
		G00000000000000000000002 /* PBXContainerItemProxy */ = {
			isa = PBXContainerItemProxy;
			containerPortal = F00000000000000000000001 /* Project object */;
			proxyType = 1;
			remoteGlobalIDString = E00000000000000000000001;
			remoteInfo = TakeFlow;
		};
/* End PBXContainerItemProxy section */

/* Begin PBXFileReference section */
		B00000000000000000000001 /* TakeFlowApp.swift */ = {isa = PBXFileReference; lastKnownFileType = sourcecode.swift; path = TakeFlowApp.swift; sourceTree = "<group>"; };
		B00000000000000000000002 /* HomeView.swift */ = {isa = PBXFileReference; lastKnownFileType = sourcecode.swift; path = HomeView.swift; sourceTree = "<group>"; };
		B00000000000000000000003 /* Script.swift */ = {isa = PBXFileReference; lastKnownFileType = sourcecode.swift; path = Script.swift; sourceTree = "<group>"; };
		B00000000000000000000004 /* RecordingProject.swift */ = {isa = PBXFileReference; lastKnownFileType = sourcecode.swift; path = RecordingProject.swift; sourceTree = "<group>"; };
		B00000000000000000000005 /* RecordingSegment.swift */ = {isa = PBXFileReference; lastKnownFileType = sourcecode.swift; path = RecordingSegment.swift; sourceTree = "<group>"; };
		B00000000000000000000006 /* UserPreferences.swift */ = {isa = PBXFileReference; lastKnownFileType = sourcecode.swift; path = UserPreferences.swift; sourceTree = "<group>"; };
		B00000000000000000000007 /* ScriptRepository.swift */ = {isa = PBXFileReference; lastKnownFileType = sourcecode.swift; path = ScriptRepository.swift; sourceTree = "<group>"; };
		B00000000000000000000008 /* ProjectFileManaging.swift */ = {isa = PBXFileReference; lastKnownFileType = sourcecode.swift; path = ProjectFileManaging.swift; sourceTree = "<group>"; };
		B00000000000000000000009 /* PermissionAuthorizing.swift */ = {isa = PBXFileReference; lastKnownFileType = sourcecode.swift; path = PermissionAuthorizing.swift; sourceTree = "<group>"; };
		B0000000000000000000000A /* AppLogger.swift */ = {isa = PBXFileReference; lastKnownFileType = sourcecode.swift; path = AppLogger.swift; sourceTree = "<group>"; };
		B0000000000000000000000B /* AppError.swift */ = {isa = PBXFileReference; lastKnownFileType = sourcecode.swift; path = AppError.swift; sourceTree = "<group>"; };
		B0000000000000000000000C /* ServiceLifecycle.swift */ = {isa = PBXFileReference; lastKnownFileType = sourcecode.swift; path = ServiceLifecycle.swift; sourceTree = "<group>"; };
		B0000000000000000000000D /* DomainModelTests.swift */ = {isa = PBXFileReference; lastKnownFileType = sourcecode.swift; path = DomainModelTests.swift; sourceTree = "<group>"; };
		B0000000000000000000000E /* PersistenceContractTests.swift */ = {isa = PBXFileReference; lastKnownFileType = sourcecode.swift; path = PersistenceContractTests.swift; sourceTree = "<group>"; };
		B0000000000000000000000F /* TakeFlowUITests.swift */ = {isa = PBXFileReference; lastKnownFileType = sourcecode.swift; path = TakeFlowUITests.swift; sourceTree = "<group>"; };
		B00000000000000000000010 /* Shared.xcconfig */ = {isa = PBXFileReference; lastKnownFileType = text.xcconfig; path = Shared.xcconfig; sourceTree = "<group>"; };
		B00000000000000000000011 /* App.xcconfig */ = {isa = PBXFileReference; lastKnownFileType = text.xcconfig; path = App.xcconfig; sourceTree = "<group>"; };
		B00000000000000000000012 /* UnitTests.xcconfig */ = {isa = PBXFileReference; lastKnownFileType = text.xcconfig; path = UnitTests.xcconfig; sourceTree = "<group>"; };
		B00000000000000000000013 /* UITests.xcconfig */ = {isa = PBXFileReference; lastKnownFileType = text.xcconfig; path = UITests.xcconfig; sourceTree = "<group>"; };
		B00000000000000000000014 /* TakeFlow.app */ = {isa = PBXFileReference; explicitFileType = wrapper.application; includeInIndex = 0; path = TakeFlow.app; sourceTree = BUILT_PRODUCTS_DIR; };
		B00000000000000000000015 /* TakeFlowTests.xctest */ = {isa = PBXFileReference; explicitFileType = wrapper.cfbundle; includeInIndex = 0; path = TakeFlowTests.xctest; sourceTree = BUILT_PRODUCTS_DIR; };
		B00000000000000000000016 /* TakeFlowUITests.xctest */ = {isa = PBXFileReference; explicitFileType = wrapper.cfbundle; includeInIndex = 0; path = TakeFlowUITests.xctest; sourceTree = BUILT_PRODUCTS_DIR; };
		B00000000000000000000020 /* ScriptEditor README */ = {isa = PBXFileReference; lastKnownFileType = net.daringfireball.markdown; name = README.md; path = README.md; sourceTree = "<group>"; };
		B00000000000000000000021 /* Teleprompter README */ = {isa = PBXFileReference; lastKnownFileType = net.daringfireball.markdown; name = README.md; path = README.md; sourceTree = "<group>"; };
		B00000000000000000000022 /* CameraRecording README */ = {isa = PBXFileReference; lastKnownFileType = net.daringfireball.markdown; name = README.md; path = README.md; sourceTree = "<group>"; };
		B00000000000000000000023 /* SpeechTracking README */ = {isa = PBXFileReference; lastKnownFileType = net.daringfireball.markdown; name = README.md; path = README.md; sourceTree = "<group>"; };
		B00000000000000000000024 /* RetakeComposer README */ = {isa = PBXFileReference; lastKnownFileType = net.daringfireball.markdown; name = README.md; path = README.md; sourceTree = "<group>"; };
		B00000000000000000000025 /* Captioning README */ = {isa = PBXFileReference; lastKnownFileType = net.daringfireball.markdown; name = README.md; path = README.md; sourceTree = "<group>"; };
		B00000000000000000000026 /* VideoExport README */ = {isa = PBXFileReference; lastKnownFileType = net.daringfireball.markdown; name = README.md; path = README.md; sourceTree = "<group>"; };
		B00000000000000000000027 /* Subscription README */ = {isa = PBXFileReference; lastKnownFileType = net.daringfireball.markdown; name = README.md; path = README.md; sourceTree = "<group>"; };
		B00000000000000000000028 /* Settings README */ = {isa = PBXFileReference; lastKnownFileType = net.daringfireball.markdown; name = README.md; path = README.md; sourceTree = "<group>"; };
		B00000000000000000000030 /* ScriptSchema.swift */ = {isa = PBXFileReference; lastKnownFileType = sourcecode.swift; path = ScriptSchema.swift; sourceTree = "<group>"; };
		B00000000000000000000031 /* ScriptModelContainer.swift */ = {isa = PBXFileReference; lastKnownFileType = sourcecode.swift; path = ScriptModelContainer.swift; sourceTree = "<group>"; };
		B00000000000000000000032 /* SwiftDataScriptRepository.swift */ = {isa = PBXFileReference; lastKnownFileType = sourcecode.swift; path = SwiftDataScriptRepository.swift; sourceTree = "<group>"; };
		B00000000000000000000033 /* ScriptMetrics.swift */ = {isa = PBXFileReference; lastKnownFileType = sourcecode.swift; path = ScriptMetrics.swift; sourceTree = "<group>"; };
		B00000000000000000000034 /* ScriptLibraryService.swift */ = {isa = PBXFileReference; lastKnownFileType = sourcecode.swift; path = ScriptLibraryService.swift; sourceTree = "<group>"; };
		B00000000000000000000035 /* ScriptEditorStrings.swift */ = {isa = PBXFileReference; lastKnownFileType = sourcecode.swift; path = ScriptEditorStrings.swift; sourceTree = "<group>"; };
		B00000000000000000000036 /* ScriptEditorViewModel.swift */ = {isa = PBXFileReference; lastKnownFileType = sourcecode.swift; path = ScriptEditorViewModel.swift; sourceTree = "<group>"; };
		B00000000000000000000037 /* ScriptLibraryViewModel.swift */ = {isa = PBXFileReference; lastKnownFileType = sourcecode.swift; path = ScriptLibraryViewModel.swift; sourceTree = "<group>"; };
		B00000000000000000000038 /* ScriptLibraryView.swift */ = {isa = PBXFileReference; lastKnownFileType = sourcecode.swift; path = ScriptLibraryView.swift; sourceTree = "<group>"; };
		B00000000000000000000039 /* ScriptEditorView.swift */ = {isa = PBXFileReference; lastKnownFileType = sourcecode.swift; path = ScriptEditorView.swift; sourceTree = "<group>"; };
		B0000000000000000000003A /* Persistence README */ = {isa = PBXFileReference; lastKnownFileType = net.daringfireball.markdown; name = README.md; path = README.md; sourceTree = "<group>"; };
		B00000000000000000000040 /* TestScriptRepository.swift */ = {isa = PBXFileReference; lastKnownFileType = sourcecode.swift; path = TestScriptRepository.swift; sourceTree = "<group>"; };
		B00000000000000000000041 /* SwiftDataScriptRepositoryTests.swift */ = {isa = PBXFileReference; lastKnownFileType = sourcecode.swift; path = SwiftDataScriptRepositoryTests.swift; sourceTree = "<group>"; };
		B00000000000000000000042 /* ScriptLibraryServiceTests.swift */ = {isa = PBXFileReference; lastKnownFileType = sourcecode.swift; path = ScriptLibraryServiceTests.swift; sourceTree = "<group>"; };
		B00000000000000000000043 /* ScriptEditorViewModelTests.swift */ = {isa = PBXFileReference; lastKnownFileType = sourcecode.swift; path = ScriptEditorViewModelTests.swift; sourceTree = "<group>"; };
		B00000000000000000000044 /* ScriptPerformanceTests.swift */ = {isa = PBXFileReference; lastKnownFileType = sourcecode.swift; path = ScriptPerformanceTests.swift; sourceTree = "<group>"; };
		B00000000000000000000045 /* ScriptRecoveryDraft.swift */ = {isa = PBXFileReference; lastKnownFileType = sourcecode.swift; path = ScriptRecoveryDraft.swift; sourceTree = "<group>"; };
		B00000000000000000000046 /* ScriptRecoveryDraftStore.swift */ = {isa = PBXFileReference; lastKnownFileType = sourcecode.swift; path = ScriptRecoveryDraftStore.swift; sourceTree = "<group>"; };
		B00000000000000000000047 /* FileScriptRecoveryDraftStore.swift */ = {isa = PBXFileReference; lastKnownFileType = sourcecode.swift; path = FileScriptRecoveryDraftStore.swift; sourceTree = "<group>"; };
		B00000000000000000000048 /* TestScriptRecoveryDraftStore.swift */ = {isa = PBXFileReference; lastKnownFileType = sourcecode.swift; path = TestScriptRecoveryDraftStore.swift; sourceTree = "<group>"; };
		B00000000000000000000049 /* ScriptRecoveryDraftTests.swift */ = {isa = PBXFileReference; lastKnownFileType = sourcecode.swift; path = ScriptRecoveryDraftTests.swift; sourceTree = "<group>"; };
		B00000000000000000000050 /* TeleprompterPreferences.swift */ = {isa = PBXFileReference; lastKnownFileType = sourcecode.swift; path = TeleprompterPreferences.swift; sourceTree = "<group>"; };
		B00000000000000000000051 /* TeleprompterScriptProviding.swift */ = {isa = PBXFileReference; lastKnownFileType = sourcecode.swift; path = TeleprompterScriptProviding.swift; sourceTree = "<group>"; };
		B00000000000000000000052 /* TeleprompterModels.swift */ = {isa = PBXFileReference; lastKnownFileType = sourcecode.swift; path = TeleprompterModels.swift; sourceTree = "<group>"; };
		B00000000000000000000053 /* TeleprompterPlaybackMachine.swift */ = {isa = PBXFileReference; lastKnownFileType = sourcecode.swift; path = TeleprompterPlaybackMachine.swift; sourceTree = "<group>"; };
		B00000000000000000000054 /* TeleprompterStrings.swift */ = {isa = PBXFileReference; lastKnownFileType = sourcecode.swift; path = TeleprompterStrings.swift; sourceTree = "<group>"; };
		B00000000000000000000055 /* TeleprompterViewModel.swift */ = {isa = PBXFileReference; lastKnownFileType = sourcecode.swift; path = TeleprompterViewModel.swift; sourceTree = "<group>"; };
		B00000000000000000000056 /* TeleprompterTextView.swift */ = {isa = PBXFileReference; lastKnownFileType = sourcecode.swift; path = TeleprompterTextView.swift; sourceTree = "<group>"; };
		B00000000000000000000057 /* TeleprompterView.swift */ = {isa = PBXFileReference; lastKnownFileType = sourcecode.swift; path = TeleprompterView.swift; sourceTree = "<group>"; };
		B00000000000000000000058 /* TeleprompterPlaybackMachineTests.swift */ = {isa = PBXFileReference; lastKnownFileType = sourcecode.swift; path = TeleprompterPlaybackMachineTests.swift; sourceTree = "<group>"; };
		B00000000000000000000059 /* TeleprompterPersistenceTests.swift */ = {isa = PBXFileReference; lastKnownFileType = sourcecode.swift; path = TeleprompterPersistenceTests.swift; sourceTree = "<group>"; };
		B00000000000000000000060 /* TeleprompterViewModelTests.swift */ = {isa = PBXFileReference; lastKnownFileType = sourcecode.swift; path = TeleprompterViewModelTests.swift; sourceTree = "<group>"; };
		B00000000000000000000061 /* ScriptReadingAnchor.swift */ = {isa = PBXFileReference; lastKnownFileType = sourcecode.swift; path = ScriptReadingAnchor.swift; sourceTree = "<group>"; };
		B00000000000000000000062 /* TeleprompterTextLayoutPerformanceTests.swift */ = {isa = PBXFileReference; lastKnownFileType = sourcecode.swift; path = TeleprompterTextLayoutPerformanceTests.swift; sourceTree = "<group>"; };
		B00000000000000000000063 /* TeleprompterDocument.swift */ = {isa = PBXFileReference; lastKnownFileType = sourcecode.swift; path = TeleprompterDocument.swift; sourceTree = "<group>"; };
		B00000000000000000000064 /* TeleprompterDocumentTests.swift */ = {isa = PBXFileReference; lastKnownFileType = sourcecode.swift; path = TeleprompterDocumentTests.swift; sourceTree = "<group>"; };
/* End PBXFileReference section */

/* Begin PBXFrameworksBuildPhase section */
		D00000000000000000000004 /* Frameworks */ = {
			isa = PBXFrameworksBuildPhase;
			buildActionMask = 2147483647;
			files = (
			);
			runOnlyForDeploymentPostprocessing = 0;
		};
		D00000000000000000000005 /* Frameworks */ = {
			isa = PBXFrameworksBuildPhase;
			buildActionMask = 2147483647;
			files = (
			);
			runOnlyForDeploymentPostprocessing = 0;
		};
		D00000000000000000000006 /* Frameworks */ = {
			isa = PBXFrameworksBuildPhase;
			buildActionMask = 2147483647;
			files = (
			);
			runOnlyForDeploymentPostprocessing = 0;
		};
/* End PBXFrameworksBuildPhase section */

/* Begin PBXGroup section */
		A00000000000000000000001 = {
			isa = PBXGroup;
			children = (
				A00000000000000000000016 /* Config */,
				A00000000000000000000003 /* TakeFlow */,
				A00000000000000000000014 /* TakeFlowTests */,
				A00000000000000000000015 /* TakeFlowUITests */,
				A00000000000000000000002 /* Products */,
			);
			sourceTree = "<group>";
		};
		A00000000000000000000002 /* Products */ = {
			isa = PBXGroup;
			children = (
				B00000000000000000000014 /* TakeFlow.app */,
				B00000000000000000000015 /* TakeFlowTests.xctest */,
				B00000000000000000000016 /* TakeFlowUITests.xctest */,
			);
			name = Products;
			sourceTree = "<group>";
		};
		A00000000000000000000003 /* TakeFlow */ = {
			isa = PBXGroup;
			children = (
				A00000000000000000000017 /* App */,
				A00000000000000000000004 /* Core */,
				A0000000000000000000000B /* ScriptEditor */,
				A0000000000000000000000C /* Teleprompter */,
				A0000000000000000000000D /* CameraRecording */,
				A0000000000000000000000E /* SpeechTracking */,
				A0000000000000000000000F /* RetakeComposer */,
				A00000000000000000000010 /* Captioning */,
				A00000000000000000000011 /* VideoExport */,
				A00000000000000000000012 /* Subscription */,
				A00000000000000000000013 /* Settings */,
			);
			path = TakeFlow;
			sourceTree = "<group>";
		};
		A00000000000000000000004 /* Core */ = {
			isa = PBXGroup;
			children = (
				A00000000000000000000005 /* Models */,
				A00000000000000000000006 /* Persistence */,
				A00000000000000000000007 /* Permissions */,
				A00000000000000000000008 /* Logging */,
				A00000000000000000000009 /* Utilities */,
				A0000000000000000000000A /* Services */,
			);
			path = Core;
			sourceTree = "<group>";
		};
		A00000000000000000000005 /* Models */ = {
			isa = PBXGroup;
			children = (
				B00000000000000000000003 /* Script.swift */,
				B00000000000000000000004 /* RecordingProject.swift */,
				B00000000000000000000005 /* RecordingSegment.swift */,
				B00000000000000000000006 /* UserPreferences.swift */,
				B00000000000000000000050 /* TeleprompterPreferences.swift */,
				B00000000000000000000061 /* ScriptReadingAnchor.swift */,
			);
			path = Models;
			sourceTree = "<group>";
		};
		A00000000000000000000006 /* Persistence */ = {
			isa = PBXGroup;
			children = (
				B00000000000000000000007 /* ScriptRepository.swift */,
				B00000000000000000000008 /* ProjectFileManaging.swift */,
				B00000000000000000000030 /* ScriptSchema.swift */,
				B00000000000000000000031 /* ScriptModelContainer.swift */,
				B00000000000000000000032 /* SwiftDataScriptRepository.swift */,
				B00000000000000000000045 /* ScriptRecoveryDraft.swift */,
				B00000000000000000000046 /* ScriptRecoveryDraftStore.swift */,
				B00000000000000000000047 /* FileScriptRecoveryDraftStore.swift */,
				B00000000000000000000051 /* TeleprompterScriptProviding.swift */,
				B0000000000000000000003A /* Persistence README */,
			);
			path = Persistence;
			sourceTree = "<group>";
		};
		A00000000000000000000007 /* Permissions */ = {
			isa = PBXGroup;
			children = (
				B00000000000000000000009 /* PermissionAuthorizing.swift */,
			);
			path = Permissions;
			sourceTree = "<group>";
		};
		A00000000000000000000008 /* Logging */ = {
			isa = PBXGroup;
			children = (
				B0000000000000000000000A /* AppLogger.swift */,
			);
			path = Logging;
			sourceTree = "<group>";
		};
		A00000000000000000000009 /* Utilities */ = {
			isa = PBXGroup;
			children = (
				B0000000000000000000000B /* AppError.swift */,
			);
			path = Utilities;
			sourceTree = "<group>";
		};
		A0000000000000000000000A /* Services */ = {
			isa = PBXGroup;
			children = (
				B0000000000000000000000C /* ServiceLifecycle.swift */,
			);
			path = Services;
			sourceTree = "<group>";
		};
		A0000000000000000000000B /* ScriptEditor */ = {
			isa = PBXGroup;
			children = (
				B00000000000000000000020 /* ScriptEditor README */,
				B00000000000000000000033 /* ScriptMetrics.swift */,
				B00000000000000000000034 /* ScriptLibraryService.swift */,
				B00000000000000000000035 /* ScriptEditorStrings.swift */,
				B00000000000000000000036 /* ScriptEditorViewModel.swift */,
				B00000000000000000000037 /* ScriptLibraryViewModel.swift */,
				B00000000000000000000038 /* ScriptLibraryView.swift */,
				B00000000000000000000039 /* ScriptEditorView.swift */,
			);
			path = ScriptEditor;
			sourceTree = "<group>";
		};
		A0000000000000000000000C /* Teleprompter */ = {
			isa = PBXGroup;
			children = (
				B00000000000000000000021 /* Teleprompter README */,
				B00000000000000000000052 /* TeleprompterModels.swift */,
				B00000000000000000000053 /* TeleprompterPlaybackMachine.swift */,
				B00000000000000000000054 /* TeleprompterStrings.swift */,
				B00000000000000000000063 /* TeleprompterDocument.swift */,
				B00000000000000000000055 /* TeleprompterViewModel.swift */,
				B00000000000000000000056 /* TeleprompterTextView.swift */,
				B00000000000000000000057 /* TeleprompterView.swift */,
			);
			path = Teleprompter;
			sourceTree = "<group>";
		};
		A0000000000000000000000D /* CameraRecording */ = {
			isa = PBXGroup;
			children = (
				B00000000000000000000022 /* CameraRecording README */,
			);
			path = CameraRecording;
			sourceTree = "<group>";
		};
		A0000000000000000000000E /* SpeechTracking */ = {
			isa = PBXGroup;
			children = (
				B00000000000000000000023 /* SpeechTracking README */,
			);
			path = SpeechTracking;
			sourceTree = "<group>";
		};
		A0000000000000000000000F /* RetakeComposer */ = {
			isa = PBXGroup;
			children = (
				B00000000000000000000024 /* RetakeComposer README */,
			);
			path = RetakeComposer;
			sourceTree = "<group>";
		};
		A00000000000000000000010 /* Captioning */ = {
			isa = PBXGroup;
			children = (
				B00000000000000000000025 /* Captioning README */,
			);
			path = Captioning;
			sourceTree = "<group>";
		};
		A00000000000000000000011 /* VideoExport */ = {
			isa = PBXGroup;
			children = (
				B00000000000000000000026 /* VideoExport README */,
			);
			path = VideoExport;
			sourceTree = "<group>";
		};
		A00000000000000000000012 /* Subscription */ = {
			isa = PBXGroup;
			children = (
				B00000000000000000000027 /* Subscription README */,
			);
			path = Subscription;
			sourceTree = "<group>";
		};
		A00000000000000000000013 /* Settings */ = {
			isa = PBXGroup;
			children = (
				B00000000000000000000028 /* Settings README */,
			);
			path = Settings;
			sourceTree = "<group>";
		};
		A00000000000000000000014 /* TakeFlowTests */ = {
			isa = PBXGroup;
			children = (
				B0000000000000000000000D /* DomainModelTests.swift */,
				B0000000000000000000000E /* PersistenceContractTests.swift */,
				B00000000000000000000040 /* TestScriptRepository.swift */,
				B00000000000000000000041 /* SwiftDataScriptRepositoryTests.swift */,
				B00000000000000000000042 /* ScriptLibraryServiceTests.swift */,
				B00000000000000000000043 /* ScriptEditorViewModelTests.swift */,
				B00000000000000000000044 /* ScriptPerformanceTests.swift */,
				B00000000000000000000048 /* TestScriptRecoveryDraftStore.swift */,
				B00000000000000000000049 /* ScriptRecoveryDraftTests.swift */,
				B00000000000000000000058 /* TeleprompterPlaybackMachineTests.swift */,
				B00000000000000000000059 /* TeleprompterPersistenceTests.swift */,
				B00000000000000000000060 /* TeleprompterViewModelTests.swift */,
				B00000000000000000000062 /* TeleprompterTextLayoutPerformanceTests.swift */,
				B00000000000000000000064 /* TeleprompterDocumentTests.swift */,
			);
			path = TakeFlowTests;
			sourceTree = "<group>";
		};
		A00000000000000000000015 /* TakeFlowUITests */ = {
			isa = PBXGroup;
			children = (
				B0000000000000000000000F /* TakeFlowUITests.swift */,
			);
			path = TakeFlowUITests;
			sourceTree = "<group>";
		};
		A00000000000000000000016 /* Config */ = {
			isa = PBXGroup;
			children = (
				B00000000000000000000010 /* Shared.xcconfig */,
				B00000000000000000000011 /* App.xcconfig */,
				B00000000000000000000012 /* UnitTests.xcconfig */,
				B00000000000000000000013 /* UITests.xcconfig */,
			);
			path = Config;
			sourceTree = "<group>";
		};
		A00000000000000000000017 /* App */ = {
			isa = PBXGroup;
			children = (
				B00000000000000000000001 /* TakeFlowApp.swift */,
				B00000000000000000000002 /* HomeView.swift */,
			);
			path = App;
			sourceTree = "<group>";
		};
/* End PBXGroup section */

/* Begin PBXNativeTarget section */
		E00000000000000000000001 /* TakeFlow */ = {
			isa = PBXNativeTarget;
			buildConfigurationList = J00000000000000000000002 /* Build configuration list for PBXNativeTarget "TakeFlow" */;
			buildPhases = (
				D00000000000000000000001 /* Sources */,
				D00000000000000000000004 /* Frameworks */,
				D00000000000000000000007 /* Resources */,
			);
			buildRules = (
			);
			dependencies = (
			);
			name = TakeFlow;
			productName = TakeFlow;
			productReference = B00000000000000000000014 /* TakeFlow.app */;
			productType = "com.apple.product-type.application";
		};
		E00000000000000000000002 /* TakeFlowTests */ = {
			isa = PBXNativeTarget;
			buildConfigurationList = J00000000000000000000003 /* Build configuration list for PBXNativeTarget "TakeFlowTests" */;
			buildPhases = (
				D00000000000000000000002 /* Sources */,
				D00000000000000000000005 /* Frameworks */,
				D00000000000000000000008 /* Resources */,
			);
			buildRules = (
			);
			dependencies = (
				H00000000000000000000001 /* PBXTargetDependency */,
			);
			name = TakeFlowTests;
			productName = TakeFlowTests;
			productReference = B00000000000000000000015 /* TakeFlowTests.xctest */;
			productType = "com.apple.product-type.bundle.unit-test";
		};
		E00000000000000000000003 /* TakeFlowUITests */ = {
			isa = PBXNativeTarget;
			buildConfigurationList = J00000000000000000000004 /* Build configuration list for PBXNativeTarget "TakeFlowUITests" */;
			buildPhases = (
				D00000000000000000000003 /* Sources */,
				D00000000000000000000006 /* Frameworks */,
				D00000000000000000000009 /* Resources */,
			);
			buildRules = (
			);
			dependencies = (
				H00000000000000000000002 /* PBXTargetDependency */,
			);
			name = TakeFlowUITests;
			productName = TakeFlowUITests;
			productReference = B00000000000000000000016 /* TakeFlowUITests.xctest */;
			productType = "com.apple.product-type.bundle.ui-testing";
		};
/* End PBXNativeTarget section */

/* Begin PBXProject section */
		F00000000000000000000001 /* Project object */ = {
			isa = PBXProject;
			attributes = {
				BuildIndependentTargetsInParallel = 1;
				LastSwiftUpdateCheck = 2600;
				LastUpgradeCheck = 2600;
				TargetAttributes = {
					E00000000000000000000001 = {
						CreatedOnToolsVersion = 26.0;
					};
					E00000000000000000000002 = {
						CreatedOnToolsVersion = 26.0;
						TestTargetID = E00000000000000000000001;
					};
					E00000000000000000000003 = {
						CreatedOnToolsVersion = 26.0;
						TestTargetID = E00000000000000000000001;
					};
				};
			};
			buildConfigurationList = J00000000000000000000001 /* Build configuration list for PBXProject "TakeFlow" */;
			compatibilityVersion = "Xcode 14.0";
			developmentRegion = en;
			hasScannedForEncodings = 0;
			knownRegions = (
				en,
				Base,
				"zh-Hans",
			);
			mainGroup = A00000000000000000000001;
			productRefGroup = A00000000000000000000002 /* Products */;
			projectDirPath = "";
			projectRoot = "";
			targets = (
				E00000000000000000000001 /* TakeFlow */,
				E00000000000000000000002 /* TakeFlowTests */,
				E00000000000000000000003 /* TakeFlowUITests */,
			);
		};
/* End PBXProject section */

/* Begin PBXResourcesBuildPhase section */
		D00000000000000000000007 /* Resources */ = {
			isa = PBXResourcesBuildPhase;
			buildActionMask = 2147483647;
			files = (
			);
			runOnlyForDeploymentPostprocessing = 0;
		};
		D00000000000000000000008 /* Resources */ = {
			isa = PBXResourcesBuildPhase;
			buildActionMask = 2147483647;
			files = (
			);
			runOnlyForDeploymentPostprocessing = 0;
		};
		D00000000000000000000009 /* Resources */ = {
			isa = PBXResourcesBuildPhase;
			buildActionMask = 2147483647;
			files = (
			);
			runOnlyForDeploymentPostprocessing = 0;
		};
/* End PBXResourcesBuildPhase section */

/* Begin PBXSourcesBuildPhase section */
		D00000000000000000000001 /* Sources */ = {
			isa = PBXSourcesBuildPhase;
			buildActionMask = 2147483647;
			files = (
				C00000000000000000000001 /* TakeFlowApp.swift in Sources */,
				C00000000000000000000002 /* HomeView.swift in Sources */,
				C00000000000000000000003 /* Script.swift in Sources */,
				C00000000000000000000004 /* RecordingProject.swift in Sources */,
				C00000000000000000000005 /* RecordingSegment.swift in Sources */,
				C00000000000000000000006 /* UserPreferences.swift in Sources */,
				C00000000000000000000007 /* ScriptRepository.swift in Sources */,
				C00000000000000000000008 /* ProjectFileManaging.swift in Sources */,
				C00000000000000000000009 /* PermissionAuthorizing.swift in Sources */,
				C0000000000000000000000A /* AppLogger.swift in Sources */,
				C0000000000000000000000B /* AppError.swift in Sources */,
				C0000000000000000000000C /* ServiceLifecycle.swift in Sources */,
				C00000000000000000000030 /* ScriptSchema.swift in Sources */,
				C00000000000000000000031 /* ScriptModelContainer.swift in Sources */,
				C00000000000000000000032 /* SwiftDataScriptRepository.swift in Sources */,
				C00000000000000000000033 /* ScriptMetrics.swift in Sources */,
				C00000000000000000000034 /* ScriptLibraryService.swift in Sources */,
				C00000000000000000000035 /* ScriptEditorStrings.swift in Sources */,
				C00000000000000000000036 /* ScriptEditorViewModel.swift in Sources */,
				C00000000000000000000037 /* ScriptLibraryViewModel.swift in Sources */,
				C00000000000000000000038 /* ScriptLibraryView.swift in Sources */,
				C00000000000000000000039 /* ScriptEditorView.swift in Sources */,
				C00000000000000000000045 /* ScriptRecoveryDraft.swift in Sources */,
				C00000000000000000000046 /* ScriptRecoveryDraftStore.swift in Sources */,
				C00000000000000000000047 /* FileScriptRecoveryDraftStore.swift in Sources */,
				C00000000000000000000050 /* TeleprompterPreferences.swift in Sources */,
				C00000000000000000000051 /* TeleprompterScriptProviding.swift in Sources */,
				C00000000000000000000052 /* TeleprompterModels.swift in Sources */,
				C00000000000000000000053 /* TeleprompterPlaybackMachine.swift in Sources */,
				C00000000000000000000054 /* TeleprompterStrings.swift in Sources */,
				C00000000000000000000063 /* TeleprompterDocument.swift in Sources */,
				C00000000000000000000055 /* TeleprompterViewModel.swift in Sources */,
				C00000000000000000000056 /* TeleprompterTextView.swift in Sources */,
				C00000000000000000000057 /* TeleprompterView.swift in Sources */,
				C00000000000000000000061 /* ScriptReadingAnchor.swift in Sources */,
			);
			runOnlyForDeploymentPostprocessing = 0;
		};
		D00000000000000000000002 /* Sources */ = {
			isa = PBXSourcesBuildPhase;
			buildActionMask = 2147483647;
			files = (
				C0000000000000000000000D /* DomainModelTests.swift in Sources */,
				C0000000000000000000000E /* PersistenceContractTests.swift in Sources */,
				C00000000000000000000040 /* TestScriptRepository.swift in Sources */,
				C00000000000000000000041 /* SwiftDataScriptRepositoryTests.swift in Sources */,
				C00000000000000000000042 /* ScriptLibraryServiceTests.swift in Sources */,
				C00000000000000000000043 /* ScriptEditorViewModelTests.swift in Sources */,
				C00000000000000000000044 /* ScriptPerformanceTests.swift in Sources */,
				C00000000000000000000048 /* TestScriptRecoveryDraftStore.swift in Sources */,
				C00000000000000000000049 /* ScriptRecoveryDraftTests.swift in Sources */,
				C00000000000000000000058 /* TeleprompterPlaybackMachineTests.swift in Sources */,
				C00000000000000000000059 /* TeleprompterPersistenceTests.swift in Sources */,
				C00000000000000000000060 /* TeleprompterViewModelTests.swift in Sources */,
				C00000000000000000000062 /* TeleprompterTextLayoutPerformanceTests.swift in Sources */,
				C00000000000000000000064 /* TeleprompterDocumentTests.swift in Sources */,
			);
			runOnlyForDeploymentPostprocessing = 0;
		};
		D00000000000000000000003 /* Sources */ = {
			isa = PBXSourcesBuildPhase;
			buildActionMask = 2147483647;
			files = (
				C0000000000000000000000F /* TakeFlowUITests.swift in Sources */,
			);
			runOnlyForDeploymentPostprocessing = 0;
		};
/* End PBXSourcesBuildPhase section */

/* Begin PBXTargetDependency section */
		H00000000000000000000001 /* PBXTargetDependency */ = {
			isa = PBXTargetDependency;
			target = E00000000000000000000001 /* TakeFlow */;
			targetProxy = G00000000000000000000001 /* PBXContainerItemProxy */;
		};
		H00000000000000000000002 /* PBXTargetDependency */ = {
			isa = PBXTargetDependency;
			target = E00000000000000000000001 /* TakeFlow */;
			targetProxy = G00000000000000000000002 /* PBXContainerItemProxy */;
		};
/* End PBXTargetDependency section */

/* Begin XCBuildConfiguration section */
		I00000000000000000000001 /* Debug */ = {
			isa = XCBuildConfiguration;
			buildSettings = {
				ALWAYS_SEARCH_USER_PATHS = NO;
				CLANG_ANALYZER_NONNULL = YES;
				CLANG_ENABLE_MODULES = YES;
				CLANG_ENABLE_OBJC_ARC = YES;
				COPY_PHASE_STRIP = NO;
				DEBUG_INFORMATION_FORMAT = dwarf;
				ENABLE_TESTABILITY = YES;
				GCC_C_LANGUAGE_STANDARD = gnu17;
				GCC_NO_COMMON_BLOCKS = YES;
				MTL_ENABLE_DEBUG_INFO = INCLUDE_SOURCE;
				ONLY_ACTIVE_ARCH = YES;
				SWIFT_ACTIVE_COMPILATION_CONDITIONS = "DEBUG $(inherited)";
				SWIFT_OPTIMIZATION_LEVEL = "-Onone";
			};
			name = Debug;
		};
		I00000000000000000000002 /* Release */ = {
			isa = XCBuildConfiguration;
			buildSettings = {
				ALWAYS_SEARCH_USER_PATHS = NO;
				CLANG_ANALYZER_NONNULL = YES;
				CLANG_ENABLE_MODULES = YES;
				CLANG_ENABLE_OBJC_ARC = YES;
				COPY_PHASE_STRIP = YES;
				DEBUG_INFORMATION_FORMAT = "dwarf-with-dsym";
				GCC_C_LANGUAGE_STANDARD = gnu17;
				GCC_NO_COMMON_BLOCKS = YES;
				MTL_ENABLE_DEBUG_INFO = NO;
				SWIFT_COMPILATION_MODE = wholemodule;
				VALIDATE_PRODUCT = YES;
			};
			name = Release;
		};
		I00000000000000000000003 /* Debug */ = {
			isa = XCBuildConfiguration;
			baseConfigurationReference = B00000000000000000000011 /* App.xcconfig */;
			buildSettings = {
				ASSETCATALOG_COMPILER_GENERATE_SWIFT_ASSET_SYMBOL_EXTENSIONS = YES;
				CURRENT_PROJECT_VERSION = 1;
				LD_RUNPATH_SEARCH_PATHS = (
					"$(inherited)",
					"@executable_path/Frameworks",
				);
				MARKETING_VERSION = 1.0;
				SDKROOT = iphoneos;
			};
			name = Debug;
		};
		I00000000000000000000004 /* Release */ = {
			isa = XCBuildConfiguration;
			baseConfigurationReference = B00000000000000000000011 /* App.xcconfig */;
			buildSettings = {
				ASSETCATALOG_COMPILER_GENERATE_SWIFT_ASSET_SYMBOL_EXTENSIONS = YES;
				CURRENT_PROJECT_VERSION = 1;
				LD_RUNPATH_SEARCH_PATHS = (
					"$(inherited)",
					"@executable_path/Frameworks",
				);
				MARKETING_VERSION = 1.0;
				SDKROOT = iphoneos;
			};
			name = Release;
		};
		I00000000000000000000005 /* Debug */ = {
			isa = XCBuildConfiguration;
			baseConfigurationReference = B00000000000000000000012 /* UnitTests.xcconfig */;
			buildSettings = {
				LD_RUNPATH_SEARCH_PATHS = (
					"$(inherited)",
					"@executable_path/Frameworks",
					"@loader_path/Frameworks",
				);
				SDKROOT = iphoneos;
			};
			name = Debug;
		};
		I00000000000000000000006 /* Release */ = {
			isa = XCBuildConfiguration;
			baseConfigurationReference = B00000000000000000000012 /* UnitTests.xcconfig */;
			buildSettings = {
				LD_RUNPATH_SEARCH_PATHS = (
					"$(inherited)",
					"@executable_path/Frameworks",
					"@loader_path/Frameworks",
				);
				SDKROOT = iphoneos;
			};
			name = Release;
		};
		I00000000000000000000007 /* Debug */ = {
			isa = XCBuildConfiguration;
			baseConfigurationReference = B00000000000000000000013 /* UITests.xcconfig */;
			buildSettings = {
				LD_RUNPATH_SEARCH_PATHS = (
					"$(inherited)",
					"@executable_path/Frameworks",
					"@loader_path/Frameworks",
				);
				SDKROOT = iphoneos;
			};
			name = Debug;
		};
		I00000000000000000000008 /* Release */ = {
			isa = XCBuildConfiguration;
			baseConfigurationReference = B00000000000000000000013 /* UITests.xcconfig */;
			buildSettings = {
				LD_RUNPATH_SEARCH_PATHS = (
					"$(inherited)",
					"@executable_path/Frameworks",
					"@loader_path/Frameworks",
				);
				SDKROOT = iphoneos;
			};
			name = Release;
		};
/* End XCBuildConfiguration section */

/* Begin XCConfigurationList section */
		J00000000000000000000001 /* Build configuration list for PBXProject "TakeFlow" */ = {
			isa = XCConfigurationList;
			buildConfigurations = (
				I00000000000000000000001 /* Debug */,
				I00000000000000000000002 /* Release */,
			);
			defaultConfigurationIsVisible = 0;
			defaultConfigurationName = Release;
		};
		J00000000000000000000002 /* Build configuration list for PBXNativeTarget "TakeFlow" */ = {
			isa = XCConfigurationList;
			buildConfigurations = (
				I00000000000000000000003 /* Debug */,
				I00000000000000000000004 /* Release */,
			);
			defaultConfigurationIsVisible = 0;
			defaultConfigurationName = Release;
		};
		J00000000000000000000003 /* Build configuration list for PBXNativeTarget "TakeFlowTests" */ = {
			isa = XCConfigurationList;
			buildConfigurations = (
				I00000000000000000000005 /* Debug */,
				I00000000000000000000006 /* Release */,
			);
			defaultConfigurationIsVisible = 0;
			defaultConfigurationName = Release;
		};
		J00000000000000000000004 /* Build configuration list for PBXNativeTarget "TakeFlowUITests" */ = {
			isa = XCConfigurationList;
			buildConfigurations = (
				I00000000000000000000007 /* Debug */,
				I00000000000000000000008 /* Release */,
			);
			defaultConfigurationIsVisible = 0;
			defaultConfigurationName = Release;
		};
/* End XCConfigurationList section */
	};
	rootObject = F00000000000000000000001 /* Project object */;
}
